
Microsoft Visual Studio Solution File, Format Version 12.00
# Visual Studio Version 17
VisualStudioVersion = 17.9.34622.214
MinimumVisualStudioVersion = 10.0.40219.1
Project("{9A19103F-16F7-4668-BE54-9A1E7A4F7556}") = "RepairAPI", "RepairAPI\RepairAPI.csproj", "{76DEDA98-2C87-43F1-B010-328B03DD36FF}"
EndProject
Project("{FAE04EC0-301F-11D3-BF4B-00C04F79EFBC}") = "Repair.Database", "Repair.Database\Repair.Database.csproj", "{7D68C110-2964-457E-881B-D62FD0BEA083}"
EndProject
Global
	GlobalSection(SolutionConfigurationPlatforms) = preSolution
		Debug|Any CPU = Debug|Any CPU
		Release|Any CPU = Release|Any CPU
	EndGlobalSection
	GlobalSection(ProjectConfigurationPlatforms) = postSolution
		{76DEDA98-2C87-43F1-B010-328B03DD36FF}.Debug|Any CPU.ActiveCfg = Debug|Any CPU
		{76DEDA98-2C87-43F1-B010-328B03DD36FF}.Debug|Any CPU.Build.0 = Debug|Any CPU
		{76DEDA98-2C87-43F1-B010-328B03DD36FF}.Release|Any CPU.ActiveCfg = Release|Any CPU
		{76DEDA98-2C87-43F1-B010-328B03DD36FF}.Release|Any CPU.Build.0 = Release|Any CPU
		{7D68C110-2964-457E-881B-D62FD0BEA083}.Debug|Any CPU.ActiveCfg = Debug|Any CPU
		{7D68C110-2964-457E-881B-D62FD0BEA083}.Debug|Any CPU.Build.0 = Debug|Any CPU
		{7D68C110-2964-457E-881B-D62FD0BEA083}.Release|Any CPU.ActiveCfg = Release|Any CPU
		{7D68C110-2964-457E-881B-D62FD0BEA083}.Release|Any CPU.Build.0 = Release|Any CPU
	EndGlobalSection
	GlobalSection(SolutionProperties) = preSolution
		HideSolutionNode = FALSE
	EndGlobalSection
	GlobalSection(ExtensibilityGlobals) = postSolution
		SolutionGuid = {E3FBBFF6-4E36-4D2F-A993-0A4B6887DCE4}
	EndGlobalSection
EndGlobal
